{
  "name": "angular-demo",
  "version": "1.0.0",
  "lockfileVersion": 1,
  "requires": true,
  "dependencies": {
    "angular": {
      "version": "1.6.6",
      "resolved": "https://registry.npmjs.org/angular/-/angular-1.6.6.tgz",
      "integrity": "sha1-/Vo8+0N844LYVO4BEgeXl4Uny2Q="
    },
    "npmtest-live-server": {
      "version": "2017.4.23",
      "resolved": "https://registry.npmjs.org/npmtest-live-server/-/npmtest-live-server-2017.4.23.tgz",
      "integrity": "sha1-as57Zq+FgMs2Euuqju2bbwp6AaU="
    }
  }
}
